
Microsoft Visual Studio Solution File, Format Version 12.00
# Visual Studio 15
VisualStudioVersion = 15.0.26124.0
MinimumVisualStudioVersion = 15.0.26124.0
Project("{FAE04EC0-301F-11D3-BF4B-00C04F79EFBC}") = "hello.question.api", "src\hello.question.api.csproj", "{F2DF5803-7CDC-4EA5-ADD7-7A9C9176152E}"
EndProject
Project("{FAE04EC0-301F-11D3-BF4B-00C04F79EFBC}") = "hello.question.api.test", "test\hello.question.api.test.csproj", "{89A17536-DF81-4400-8DD7-33A45677CA4A}"
EndProject
Global
	GlobalSection(SolutionConfigurationPlatforms) = preSolution
		Debug|Any CPU = Debug|Any CPU
		Debug|x64 = Debug|x64
		Debug|x86 = Debug|x86
		Release|Any CPU = Release|Any CPU
		Release|x64 = Release|x64
		Release|x86 = Release|x86
	EndGlobalSection
	GlobalSection(SolutionProperties) = preSolution
		HideSolutionNode = FALSE
	EndGlobalSection
	GlobalSection(ProjectConfigurationPlatforms) = postSolution
		{6F2FBF21-A736-400B-8FB2-3A6DD4249857}.Debug|Any CPU.ActiveCfg = Debug|Any CPU
		{6F2FBF21-A736-400B-8FB2-3A6DD4249857}.Debug|Any CPU.Build.0 = Debug|Any CPU
		{6F2FBF21-A736-400B-8FB2-3A6DD4249857}.Debug|x64.ActiveCfg = Debug|Any CPU
		{6F2FBF21-A736-400B-8FB2-3A6DD4249857}.Debug|x64.Build.0 = Debug|Any CPU
		{6F2FBF21-A736-400B-8FB2-3A6DD4249857}.Debug|x86.ActiveCfg = Debug|Any CPU
		{6F2FBF21-A736-400B-8FB2-3A6DD4249857}.Debug|x86.Build.0 = Debug|Any CPU
		{6F2FBF21-A736-400B-8FB2-3A6DD4249857}.Release|Any CPU.ActiveCfg = Release|Any CPU
		{6F2FBF21-A736-400B-8FB2-3A6DD4249857}.Release|Any CPU.Build.0 = Release|Any CPU
		{6F2FBF21-A736-400B-8FB2-3A6DD4249857}.Release|x64.ActiveCfg = Release|Any CPU
		{6F2FBF21-A736-400B-8FB2-3A6DD4249857}.Release|x64.Build.0 = Release|Any CPU
		{6F2FBF21-A736-400B-8FB2-3A6DD4249857}.Release|x86.ActiveCfg = Release|Any CPU
		{6F2FBF21-A736-400B-8FB2-3A6DD4249857}.Release|x86.Build.0 = Release|Any CPU
		{529ABF9E-15A9-4424-AD07-FE44DDB6D502}.Debug|Any CPU.ActiveCfg = Debug|Any CPU
		{529ABF9E-15A9-4424-AD07-FE44DDB6D502}.Debug|Any CPU.Build.0 = Debug|Any CPU
		{529ABF9E-15A9-4424-AD07-FE44DDB6D502}.Debug|x64.ActiveCfg = Debug|Any CPU
		{529ABF9E-15A9-4424-AD07-FE44DDB6D502}.Debug|x64.Build.0 = Debug|Any CPU
		{529ABF9E-15A9-4424-AD07-FE44DDB6D502}.Debug|x86.ActiveCfg = Debug|Any CPU
		{529ABF9E-15A9-4424-AD07-FE44DDB6D502}.Debug|x86.Build.0 = Debug|Any CPU
		{529ABF9E-15A9-4424-AD07-FE44DDB6D502}.Release|Any CPU.ActiveCfg = Release|Any CPU
		{529ABF9E-15A9-4424-AD07-FE44DDB6D502}.Release|Any CPU.Build.0 = Release|Any CPU
		{529ABF9E-15A9-4424-AD07-FE44DDB6D502}.Release|x64.ActiveCfg = Release|Any CPU
		{529ABF9E-15A9-4424-AD07-FE44DDB6D502}.Release|x64.Build.0 = Release|Any CPU
		{529ABF9E-15A9-4424-AD07-FE44DDB6D502}.Release|x86.ActiveCfg = Release|Any CPU
		{529ABF9E-15A9-4424-AD07-FE44DDB6D502}.Release|x86.Build.0 = Release|Any CPU
		{F2DF5803-7CDC-4EA5-ADD7-7A9C9176152E}.Debug|Any CPU.ActiveCfg = Debug|Any CPU
		{F2DF5803-7CDC-4EA5-ADD7-7A9C9176152E}.Debug|Any CPU.Build.0 = Debug|Any CPU
		{F2DF5803-7CDC-4EA5-ADD7-7A9C9176152E}.Debug|x64.ActiveCfg = Debug|Any CPU
		{F2DF5803-7CDC-4EA5-ADD7-7A9C9176152E}.Debug|x64.Build.0 = Debug|Any CPU
		{F2DF5803-7CDC-4EA5-ADD7-7A9C9176152E}.Debug|x86.ActiveCfg = Debug|Any CPU
		{F2DF5803-7CDC-4EA5-ADD7-7A9C9176152E}.Debug|x86.Build.0 = Debug|Any CPU
		{F2DF5803-7CDC-4EA5-ADD7-7A9C9176152E}.Release|Any CPU.ActiveCfg = Release|Any CPU
		{F2DF5803-7CDC-4EA5-ADD7-7A9C9176152E}.Release|Any CPU.Build.0 = Release|Any CPU
		{F2DF5803-7CDC-4EA5-ADD7-7A9C9176152E}.Release|x64.ActiveCfg = Release|Any CPU
		{F2DF5803-7CDC-4EA5-ADD7-7A9C9176152E}.Release|x64.Build.0 = Release|Any CPU
		{F2DF5803-7CDC-4EA5-ADD7-7A9C9176152E}.Release|x86.ActiveCfg = Release|Any CPU
		{F2DF5803-7CDC-4EA5-ADD7-7A9C9176152E}.Release|x86.Build.0 = Release|Any CPU
		{89A17536-DF81-4400-8DD7-33A45677CA4A}.Debug|Any CPU.ActiveCfg = Debug|Any CPU
		{89A17536-DF81-4400-8DD7-33A45677CA4A}.Debug|Any CPU.Build.0 = Debug|Any CPU
		{89A17536-DF81-4400-8DD7-33A45677CA4A}.Debug|x64.ActiveCfg = Debug|Any CPU
		{89A17536-DF81-4400-8DD7-33A45677CA4A}.Debug|x64.Build.0 = Debug|Any CPU
		{89A17536-DF81-4400-8DD7-33A45677CA4A}.Debug|x86.ActiveCfg = Debug|Any CPU
		{89A17536-DF81-4400-8DD7-33A45677CA4A}.Debug|x86.Build.0 = Debug|Any CPU
		{89A17536-DF81-4400-8DD7-33A45677CA4A}.Release|Any CPU.ActiveCfg = Release|Any CPU
		{89A17536-DF81-4400-8DD7-33A45677CA4A}.Release|Any CPU.Build.0 = Release|Any CPU
		{89A17536-DF81-4400-8DD7-33A45677CA4A}.Release|x64.ActiveCfg = Release|Any CPU
		{89A17536-DF81-4400-8DD7-33A45677CA4A}.Release|x64.Build.0 = Release|Any CPU
		{89A17536-DF81-4400-8DD7-33A45677CA4A}.Release|x86.ActiveCfg = Release|Any CPU
		{89A17536-DF81-4400-8DD7-33A45677CA4A}.Release|x86.Build.0 = Release|Any CPU
	EndGlobalSection
EndGlobal
